<?xml version="1.0" encoding="utf-8"?>
<Project ToolsVersion="4.0" xmlns="http://schemas.microsoft.com/developer/msbuild/2003">
  <ItemGroup>
    <Filter Include="source">
      <UniqueIdentifier>{6efc9f22-1c1b-4abf-b29c-d98b9dfe4e06}</UniqueIdentifier>
    </Filter>
    <Filter Include="source\gles20">
      <UniqueIdentifier>{66ff6897-5b80-437a-8fe4-23ecaeeb085d}</UniqueIdentifier>
    </Filter>
    <Filter Include="source\ImageJuggler">
      <UniqueIdentifier>{605b36df-d947-427c-9add-683840ccd8af}</UniqueIdentifier>
    </Filter>
    <Filter Include="source\ImageJuggler\Image">
      <UniqueIdentifier>{634067de-951e-4d89-af67-072d3f85176e}</UniqueIdentifier>
    </Filter>
  </ItemGroup>
  <ItemGroup>
    <ClCompile Include="..\..\source\Source.cpp">
      <Filter>source</Filter>
    </ClCompile>
    <ClCompile Include="..\..\source\ImageJuggler\IJMainWorker.cpp">
      <Filter>source\ImageJuggler</Filter>
    </ClCompile>
    <ClCompile Include="..\..\source\ImageJuggler\Image\IJYCbCrImage.cpp">
      <Filter>source\ImageJuggler\Image</Filter>
    </ClCompile>
    <ClCompile Include="..\..\source\ImageJuggler\Image\IJImage.cpp">
      <Filter>source\ImageJuggler\Image</Filter>
    </ClCompile>
    <ClCompile Include="..\..\source\ImageJuggler\Image\IJRGBImage.cpp">
      <Filter>source\ImageJuggler\Image</Filter>
    </ClCompile>
    <ClCompile Include="..\..\source\ImageJuggler\IJImageTranslator.cpp">
      <Filter>source\ImageJuggler</Filter>
    </ClCompile>
  </ItemGroup>
  <ItemGroup>
    <ClInclude Include="..\..\source\Source.h">
      <Filter>source</Filter>
    </ClInclude>
    <ClInclude Include="..\..\source\gles20\gl2.h">
      <Filter>source\gles20</Filter>
    </ClInclude>
    <ClInclude Include="..\..\source\gles20\gl2ext.h">
      <Filter>source\gles20</Filter>
    </ClInclude>
    <ClInclude Include="..\..\source\gles20\gl2platform.h">
      <Filter>source\gles20</Filter>
    </ClInclude>
    <ClInclude Include="..\..\source\ImageJuggler\IJMainWorker.h">
      <Filter>source\ImageJuggler</Filter>
    </ClInclude>
    <ClInclude Include="..\..\source\ImageJuggler\Image\IJYCbCrImage.h">
      <Filter>source\ImageJuggler\Image</Filter>
    </ClInclude>
    <ClInclude Include="..\..\source\ImageJuggler\IJTypes.h">
      <Filter>source\ImageJuggler</Filter>
    </ClInclude>
    <ClInclude Include="..\..\source\ImageJuggler\Image\IJImage.h">
      <Filter>source\ImageJuggler\Image</Filter>
    </ClInclude>
    <ClInclude Include="..\..\source\ImageJuggler\Image\IJRGBImage.h">
      <Filter>source\ImageJuggler\Image</Filter>
    </ClInclude>
    <ClInclude Include="..\..\source\ImageJuggler\IJImageTranslator.h">
      <Filter>source\ImageJuggler</Filter>
    </ClInclude>
  </ItemGroup>
</Project>