<?xml version="1.0" encoding="utf-8"?>
<Project ToolsVersion="4.0" xmlns="http://schemas.microsoft.com/developer/msbuild/2003">
  <ItemGroup>
    <Filter Include="source">
      <UniqueIdentifier>{79ea7258-7baf-4972-a304-010948d26a0c}</UniqueIdentifier>
    </Filter>
    <Filter Include="source\ImageJuggler">
      <UniqueIdentifier>{b4a712a1-6e63-433e-92bd-17f254c4a3b2}</UniqueIdentifier>
    </Filter>
    <Filter Include="source\gles20">
      <UniqueIdentifier>{e495fb40-b9fa-4ab2-880f-fe1b6b586afe}</UniqueIdentifier>
    </Filter>
    <Filter Include="source\gles20\GLES2">
      <UniqueIdentifier>{f89091f4-d673-48a2-bc03-7b37827dfd47}</UniqueIdentifier>
    </Filter>
    <Filter Include="source\gles20\KHR">
      <UniqueIdentifier>{edcc038b-af14-4d91-b081-c676f5542663}</UniqueIdentifier>
    </Filter>
    <Filter Include="source\ImageJuggler\Image">
      <UniqueIdentifier>{e91915af-ed87-47c7-8bc8-b0f061d68cb3}</UniqueIdentifier>
    </Filter>
  </ItemGroup>
  <ItemGroup>
    <ClCompile Include="..\..\..\source\ImageJuggler\IJImageTranslator.cpp">
      <Filter>source\ImageJuggler</Filter>
    </ClCompile>
    <ClCompile Include="..\..\..\source\ImageJuggler\Image\IJRGBImage.cpp">
      <Filter>source\ImageJuggler\Image</Filter>
    </ClCompile>
    <ClCompile Include="..\..\..\source\ImageJuggler\Image\IJImageInterface.cpp">
      <Filter>source\ImageJuggler\Image</Filter>
    </ClCompile>
    <ClCompile Include="..\..\..\source\ImageJuggler\Image\IJYCbCrImage888.cpp">
      <Filter>source\ImageJuggler\Image</Filter>
    </ClCompile>
    <ClCompile Include="..\..\..\source\ImageJuggler\Image\IJImage.cpp">
      <Filter>source\ImageJuggler\Image</Filter>
    </ClCompile>
    <ClCompile Include="..\..\..\source\ImageJuggler\Image\IJSingleCompImage.cpp">
      <Filter>source\ImageJuggler\Image</Filter>
    </ClCompile>
    <ClCompile Include="..\..\..\source\ImageJuggler\ImageJuggler.cpp">
      <Filter>source\ImageJuggler</Filter>
    </ClCompile>
    <ClCompile Include="..\..\..\source\ImageJuggler\Image\IJPackedColourImage.cpp">
      <Filter>source\ImageJuggler\Image</Filter>
    </ClCompile>
    <ClCompile Include="..\..\..\source\ImageJuggler\IJYUVPackedConverter.cpp">
      <Filter>source\ImageJuggler</Filter>
    </ClCompile>
  </ItemGroup>
  <ItemGroup>
    <ClInclude Include="..\..\..\source\gles20\gl2.h">
      <Filter>source\gles20</Filter>
    </ClInclude>
    <ClInclude Include="..\..\..\source\gles20\GLES2\gl2ext.h">
      <Filter>source\gles20\GLES2</Filter>
    </ClInclude>
    <ClInclude Include="..\..\..\source\gles20\GLES2\gl2platform.h">
      <Filter>source\gles20\GLES2</Filter>
    </ClInclude>
    <ClInclude Include="..\..\..\source\gles20\KHR\khrplatform.h">
      <Filter>source\gles20\KHR</Filter>
    </ClInclude>
    <ClInclude Include="..\..\..\source\ImageJuggler\IJImageTranslator.h">
      <Filter>source\ImageJuggler</Filter>
    </ClInclude>
    <ClInclude Include="..\..\..\source\ImageJuggler\IJTypes.h">
      <Filter>source\ImageJuggler</Filter>
    </ClInclude>
    <ClInclude Include="..\..\..\source\ImageJuggler\Image\IJRGBImage.h">
      <Filter>source\ImageJuggler\Image</Filter>
    </ClInclude>
    <ClInclude Include="..\..\..\source\ImageJuggler\IJUtils.h">
      <Filter>source\ImageJuggler</Filter>
    </ClInclude>
    <ClInclude Include="..\..\..\source\ImageJuggler\Image\IJImageInterface.h">
      <Filter>source\ImageJuggler\Image</Filter>
    </ClInclude>
    <ClInclude Include="..\..\..\source\ImageJuggler\Image\IJYCbCrImage888.h">
      <Filter>source\ImageJuggler\Image</Filter>
    </ClInclude>
    <ClInclude Include="..\..\..\source\ImageJuggler\Image\IJImage.h">
      <Filter>source\ImageJuggler\Image</Filter>
    </ClInclude>
    <ClInclude Include="..\..\..\source\ImageJuggler\Image\IJSingleCompImage.h">
      <Filter>source\ImageJuggler\Image</Filter>
    </ClInclude>
    <ClInclude Include="..\..\..\source\ImageJuggler\ImageJuggler.h">
      <Filter>source\ImageJuggler</Filter>
    </ClInclude>
    <ClInclude Include="..\..\..\source\ImageJuggler\Image\IJPackedColourImage.h">
      <Filter>source\ImageJuggler\Image</Filter>
    </ClInclude>
    <ClInclude Include="..\..\..\source\ImageJuggler\Fixed.h">
      <Filter>source\ImageJuggler</Filter>
    </ClInclude>
    <ClInclude Include="..\..\..\source\ImageJuggler\IJYUVPackedConverter.h">
      <Filter>source\ImageJuggler</Filter>
    </ClInclude>
    <ClInclude Include="..\..\..\source\ImageJuggler\stb_image_resize.h">
      <Filter>source\ImageJuggler</Filter>
    </ClInclude>
  </ItemGroup>
</Project>