// !$*UTF8*$!
{
	archiveVersion = 1;
	classes = {
	};
	objectVersion = 46;
	objects = {

/* Begin PBXBuildFile section */
		0D4576ADD78D145756C2ACED /* SystemConfiguration.framework in Frameworks */ = {isa = PBXBuildFile; fileRef = F2F979B527A2401F7A1EA7F5 /* SystemConfiguration.framework */; };
		48361E5A4A2A27442D5FDC9A /* ImageJuggler in Frameworks */ = {isa = PBXBuildFile; fileRef = EAF06D02EC95F6ACE7492342 /* ImageJuggler */; };
		A6D9B77FE7B0B5A952B23DBF /* Source.cpp in Sources */ = {isa = PBXBuildFile; fileRef = 43F07662A778504CBCDAD4A2 /* Source.cpp */; };
		DB959A71CE41101B43C9D0B1 /* Profiling.cpp in Sources */ = {isa = PBXBuildFile; fileRef = D124B5D4F826D73EF26CC414 /* Profiling.cpp */; };
/* End PBXBuildFile section */

/* Begin PBXContainerItemProxy section */
		8749C6AFE3008A19AE3314EF /* PBXContainerItemProxy */ = {
			isa = PBXContainerItemProxy;
			containerPortal = 13E0F8C1BA446DAB33D63701 /* ImageJuggler.xcodeproj */;
			proxyType = 2;
			remoteGlobalIDString = AD646F96FABDD1403A7425D6;
			remoteInfo = ImageJuggler;
		};
		9EC0C0E8FA778452C5AA0F28 /* PBXContainerItemProxy */ = {
			isa = PBXContainerItemProxy;
			containerPortal = 13E0F8C1BA446DAB33D63701 /* ImageJuggler.xcodeproj */;
			proxyType = 1;
			remoteGlobalIDString = DBEB4FBC796A24260EBD3DFC;
			remoteInfo = ImageJuggler;
		};
/* End PBXContainerItemProxy section */

/* Begin PBXFileReference section */
		13E0F8C1BA446DAB33D63701 /* ImageJuggler.xcodeproj */ = {isa = PBXFileReference; lastKnownFileType = "wrapper.pb-project"; path = ImageJuggler.xcodeproj; sourceTree = SOURCE_ROOT; };
		20BE413E85A43DA87DB92F7E /* Profiling.h */ = {isa = PBXFileReference; lastKnownFileType = sourcecode.c.h; name = Profiling.h; path = ../../../source/test/Profiling.h; sourceTree = "<group>"; };
		43F07662A778504CBCDAD4A2 /* Source.cpp */ = {isa = PBXFileReference; lastKnownFileType = sourcecode.cpp.cpp; name = Source.cpp; path = ../../../source/test/Source.cpp; sourceTree = "<group>"; };
		95C2EB12A0EA07BC9CF18152 /* Test */ = {isa = PBXFileReference; explicitFileType = wrapper.application; includeInIndex = 0; name = Test; path = Test_d.app; sourceTree = BUILT_PRODUCTS_DIR; };
		D124B5D4F826D73EF26CC414 /* Profiling.cpp */ = {isa = PBXFileReference; lastKnownFileType = sourcecode.cpp.cpp; name = Profiling.cpp; path = ../../../source/test/Profiling.cpp; sourceTree = "<group>"; };
		F2F979B527A2401F7A1EA7F5 /* SystemConfiguration.framework */ = {isa = PBXFileReference; lastKnownFileType = wrapper.framework; name = SystemConfiguration.framework; path = System/Library/Frameworks/SystemConfiguration.framework; sourceTree = SDKROOT; };
/* End PBXFileReference section */

/* Begin PBXFrameworksBuildPhase section */
		FD378B937BC99E3DBB53E1D3 /* Frameworks */ = {
			isa = PBXFrameworksBuildPhase;
			buildActionMask = 2147483647;
			files = (
				0D4576ADD78D145756C2ACED /* SystemConfiguration.framework in Frameworks */,
				48361E5A4A2A27442D5FDC9A /* ImageJuggler in Frameworks */,
			);
			runOnlyForDeploymentPostprocessing = 0;
		};
/* End PBXFrameworksBuildPhase section */

/* Begin PBXGroup section */
		424BE1FC843147666716703C /* Frameworks */ = {
			isa = PBXGroup;
			children = (
				F2F979B527A2401F7A1EA7F5 /* SystemConfiguration.framework */,
			);
			name = Frameworks;
			sourceTree = "<group>";
		};
		4E56C54F8F2DC379FA2F4B8F /* Products */ = {
			isa = PBXGroup;
			children = (
				EAF06D02EC95F6ACE7492342 /* ImageJuggler */,
			);
			name = Products;
			sourceTree = "<group>";
		};
		581EEAC54FB7EDAF2070E905 /* Projects */ = {
			isa = PBXGroup;
			children = (
				13E0F8C1BA446DAB33D63701 /* ImageJuggler.xcodeproj */,
			);
			name = Projects;
			sourceTree = "<group>";
		};
		5AC394B66C3E75A08E8452F6 /* Test */ = {
			isa = PBXGroup;
			children = (
				D124B5D4F826D73EF26CC414 /* Profiling.cpp */,
				20BE413E85A43DA87DB92F7E /* Profiling.h */,
				43F07662A778504CBCDAD4A2 /* Source.cpp */,
				424BE1FC843147666716703C /* Frameworks */,
				581EEAC54FB7EDAF2070E905 /* Projects */,
				EA8E290FE2272BF9B2E0274F /* Products */,
			);
			name = Test;
			sourceTree = "<group>";
		};
		EA8E290FE2272BF9B2E0274F /* Products */ = {
			isa = PBXGroup;
			children = (
				95C2EB12A0EA07BC9CF18152 /* Test */,
			);
			name = Products;
			sourceTree = "<group>";
		};
/* End PBXGroup section */

/* Begin PBXNativeTarget section */
		B46A4BB85F6B7B2228FF19F8 /* Test */ = {
			isa = PBXNativeTarget;
			buildConfigurationList = D959E75257EBF9FC97763D92 /* Build configuration list for PBXNativeTarget "Test" */;
			buildPhases = (
				7F087033FD9A82DD3D24C673 /* Resources */,
				18BDF7EA97500A94D6DA4E2A /* Sources */,
				FD378B937BC99E3DBB53E1D3 /* Frameworks */,
			);
			buildRules = (
			);
			dependencies = (
				EEBB8FF82F928E229A941638 /* PBXTargetDependency */,
			);
			name = Test;
			productInstallPath = "$(HOME)/Applications";
			productName = Test;
			productReference = 95C2EB12A0EA07BC9CF18152 /* Test */;
			productType = "com.apple.product-type.application";
		};
/* End PBXNativeTarget section */

/* Begin PBXProject section */
		08FB7793FE84155DC02AAC07 /* Project object */ = {
			isa = PBXProject;
			attributes = {
			};
			buildConfigurationList = 1DEB928908733DD80010E9CD /* Build configuration list for PBXProject "Test" */;
			compatibilityVersion = "Xcode 3.2";
			developmentRegion = English;
			hasScannedForEncodings = 1;
			knownRegions = (
				en,
			);
			mainGroup = 5AC394B66C3E75A08E8452F6 /* Test */;
			projectDirPath = "";
			projectReferences = (
				{
					ProductGroup = 4E56C54F8F2DC379FA2F4B8F /* Products */;
					ProjectRef = 13E0F8C1BA446DAB33D63701 /* ImageJuggler.xcodeproj */;
				},
			);
			projectRoot = "";
			targets = (
				B46A4BB85F6B7B2228FF19F8 /* Test */,
			);
		};
/* End PBXProject section */

/* Begin PBXReferenceProxy section */
		EAF06D02EC95F6ACE7492342 /* ImageJuggler */ = {
			isa = PBXReferenceProxy;
			fileType = archive.ar;
			name = ImageJuggler;
			path = libImageJuggler_d.a;
			remoteRef = 8749C6AFE3008A19AE3314EF /* PBXContainerItemProxy */;
			sourceTree = BUILT_PRODUCTS_DIR;
		};
/* End PBXReferenceProxy section */

/* Begin PBXResourcesBuildPhase section */
		7F087033FD9A82DD3D24C673 /* Resources */ = {
			isa = PBXResourcesBuildPhase;
			buildActionMask = 2147483647;
			files = (
			);
			runOnlyForDeploymentPostprocessing = 0;
		};
/* End PBXResourcesBuildPhase section */

/* Begin PBXSourcesBuildPhase section */
		18BDF7EA97500A94D6DA4E2A /* Sources */ = {
			isa = PBXSourcesBuildPhase;
			buildActionMask = 2147483647;
			files = (
				DB959A71CE41101B43C9D0B1 /* Profiling.cpp in Sources */,
				A6D9B77FE7B0B5A952B23DBF /* Source.cpp in Sources */,
			);
			runOnlyForDeploymentPostprocessing = 0;
		};
/* End PBXSourcesBuildPhase section */

/* Begin PBXTargetDependency section */
		EEBB8FF82F928E229A941638 /* PBXTargetDependency */ = {
			isa = PBXTargetDependency;
			name = ImageJuggler;
			targetProxy = 9EC0C0E8FA778452C5AA0F28 /* PBXContainerItemProxy */;
		};
/* End PBXTargetDependency section */

/* Begin XCBuildConfiguration section */
		0F07CDA3D857254D93E543E3 /* Release */ = {
			isa = XCBuildConfiguration;
			buildSettings = {
				ALWAYS_SEARCH_USER_PATHS = NO;
				ARCHS = "$(ARCHS_STANDARD)";
				CLANG_CXX_LANGUAGE_STANDARD = "c++11";
				CLANG_CXX_LIBRARY = "libc++";
				CLANG_WARN_BOOL_CONVERSION = YES;
				CLANG_WARN_CONSTANT_CONVERSION = YES;
				CLANG_WARN_EMPTY_BODY = YES;
				CLANG_WARN_ENUM_CONVERSION = YES;
				CLANG_WARN_INFINITE_RECURSION = YES;
				CLANG_WARN_INT_CONVERSION = YES;
				CLANG_WARN_SUSPICIOUS_MOVE = YES;
				CLANG_WARN_UNREACHABLE_CODE = YES;
				CLANG_WARN__DUPLICATE_METHOD_MATCH = YES;
				CODE_SIGN_IDENTITY = "iPhone Developer: Valeri Vuchov (WDTMDP2J2J)";
				COMMON_HEADER_SEARCH_PATHS = "../../../source/test ../../../source/ImageJuggler ../../../source/boost";
				CONFIGURATION_BUILD_DIR = "$(SYMROOT)";
				CONFIGURATION_TEMP_DIR = "$(OBJROOT)";
				COPY_PHASE_STRIP = NO;
				ENABLE_STRICT_OBJC_MSGSEND = YES;
				GCC_C_LANGUAGE_STANDARD = c11;
				GCC_DYNAMIC_NO_PIC = NO;
				GCC_ENABLE_CPP_EXCEPTIONS = NO;
				GCC_ENABLE_CPP_RTTI = NO;
				GCC_ENABLE_FIX_AND_CONTINUE = YES;
				GCC_ENABLE_OBJC_EXCEPTIONS = NO;
				GCC_MODEL_TUNING = G5;
				GCC_NO_COMMON_BLOCKS = YES;
				GCC_OPTIMIZATION_LEVEL = 3;
				GCC_PREPROCESSOR_DEFINITIONS = (
					NDEBUG,
					"_SECURE_SCL=0",
					"_SECURE_SCL_THROWS=0",
					_SCL_SECURE_NO_WARNINGS,
					_CRT_SECURE_NO_WARNINGS,
					_WINSOCK_DEPRECATED_NO_WARNINGS,
				);
				GCC_SYMBOLS_PRIVATE_EXTERN = YES;
				GCC_VERSION = com.apple.compilers.llvm.clang.1_0;
				GCC_WARN_64_TO_32_BIT_CONVERSION = YES;
				GCC_WARN_ABOUT_DEPRECATED_FUNCTIONS = YES;
				GCC_WARN_ABOUT_RETURN_TYPE = YES;
				GCC_WARN_CHECK_SWITCH_STATEMENTS = NO;
				GCC_WARN_UNDECLARED_SELECTOR = YES;
				GCC_WARN_UNINITIALIZED_AUTOS = YES;
				GCC_WARN_UNUSED_FUNCTION = NO;
				GCC_WARN_UNUSED_VARIABLE = NO;
				HEADER_SEARCH_PATHS = "$(COMMON_HEADER_SEARCH_PATHS)";
				INSTALL_PATH = "\"$(HOME)/Applications\"";
				IPHONEOS_DEPLOYMENT_TARGET = 8.0;
				OBJROOT = obj/Release/Test;
				ONLY_ACTIVE_ARCH = NO;
				OTHER_CFLAGS = (
					"-std=c++11",
					"-stdlib=libc++",
					"-x",
					"objective-c++",
					"-Wno-error",
				);
				OTHER_LDFLAGS = (
					"-l../../../ImageJugglerLib",
					"-llibz.1.2.5.tbd",
					"-ObjC",
					"-fobjc-arc",
				);
				SDKROOT = iphoneos;
				SKIP_INSTALL = YES;
				STANDARD_C_PLUS_PLUS_LIBRARY_TYPE = static;
				SYMROOT = ../../../lib;
				TARGETED_DEVICE_FAMILY = "1,2";
				VALID_ARCHS = "$(ARCHS_STANDARD)";
			};
			name = Release;
		};
		8CEADC382A69B0A2BFBCCA78 /* Release */ = {
			isa = XCBuildConfiguration;
			buildSettings = {
				ALWAYS_SEARCH_USER_PATHS = NO;
				ARCHS = "$(ARCHS_STANDARD)";
				CLANG_CXX_LANGUAGE_STANDARD = "c++11";
				CLANG_CXX_LIBRARY = "libc++";
				CLANG_WARN_BOOL_CONVERSION = YES;
				CLANG_WARN_CONSTANT_CONVERSION = YES;
				CLANG_WARN_EMPTY_BODY = YES;
				CLANG_WARN_ENUM_CONVERSION = YES;
				CLANG_WARN_INFINITE_RECURSION = YES;
				CLANG_WARN_INT_CONVERSION = YES;
				CLANG_WARN_SUSPICIOUS_MOVE = YES;
				CLANG_WARN_UNREACHABLE_CODE = YES;
				CLANG_WARN__DUPLICATE_METHOD_MATCH = YES;
				CODE_SIGN_IDENTITY = "iPhone Developer: Valeri Vuchov (WDTMDP2J2J)";
				COMMON_HEADER_SEARCH_PATHS = "../../../source/test ../../../source/ImageJuggler ../../../source/boost";
				CONFIGURATION_BUILD_DIR = "$(SYMROOT)";
				CONFIGURATION_TEMP_DIR = "$(OBJROOT)";
				COPY_PHASE_STRIP = NO;
				ENABLE_STRICT_OBJC_MSGSEND = YES;
				GCC_C_LANGUAGE_STANDARD = c11;
				GCC_DYNAMIC_NO_PIC = NO;
				GCC_ENABLE_CPP_EXCEPTIONS = NO;
				GCC_ENABLE_CPP_RTTI = NO;
				GCC_ENABLE_FIX_AND_CONTINUE = YES;
				GCC_ENABLE_OBJC_EXCEPTIONS = NO;
				GCC_MODEL_TUNING = G5;
				GCC_NO_COMMON_BLOCKS = YES;
				GCC_OPTIMIZATION_LEVEL = 3;
				GCC_PREPROCESSOR_DEFINITIONS = (
					NDEBUG,
					"_SECURE_SCL=0",
					"_SECURE_SCL_THROWS=0",
					_SCL_SECURE_NO_WARNINGS,
					_CRT_SECURE_NO_WARNINGS,
					_WINSOCK_DEPRECATED_NO_WARNINGS,
				);
				GCC_SYMBOLS_PRIVATE_EXTERN = YES;
				GCC_VERSION = com.apple.compilers.llvm.clang.1_0;
				GCC_WARN_64_TO_32_BIT_CONVERSION = YES;
				GCC_WARN_ABOUT_DEPRECATED_FUNCTIONS = YES;
				GCC_WARN_ABOUT_RETURN_TYPE = YES;
				GCC_WARN_CHECK_SWITCH_STATEMENTS = NO;
				GCC_WARN_UNDECLARED_SELECTOR = YES;
				GCC_WARN_UNINITIALIZED_AUTOS = YES;
				GCC_WARN_UNUSED_FUNCTION = NO;
				GCC_WARN_UNUSED_VARIABLE = NO;
				HEADER_SEARCH_PATHS = "$(COMMON_HEADER_SEARCH_PATHS)";
				INSTALL_PATH = "\"$(HOME)/Applications\"";
				IPHONEOS_DEPLOYMENT_TARGET = 8.0;
				OBJROOT = obj/Release/Test;
				ONLY_ACTIVE_ARCH = NO;
				OTHER_CFLAGS = (
					"-std=c++11",
					"-stdlib=libc++",
					"-x",
					"objective-c++",
					"-Wno-error",
				);
				OTHER_LDFLAGS = (
					"-l../../../ImageJugglerLib",
					"-llibz.1.2.5.tbd",
					"-ObjC",
					"-fobjc-arc",
				);
				PRODUCT_NAME = Test;
				SDKROOT = iphoneos;
				SKIP_INSTALL = YES;
				STANDARD_C_PLUS_PLUS_LIBRARY_TYPE = static;
				SYMROOT = ../../../lib;
				TARGETED_DEVICE_FAMILY = "1,2";
				VALID_ARCHS = "$(ARCHS_STANDARD)";
			};
			name = Release;
		};
		C7F6BF69335824937E81A5A9 /* Debug */ = {
			isa = XCBuildConfiguration;
			buildSettings = {
				ALWAYS_SEARCH_USER_PATHS = NO;
				ARCHS = "$(ARCHS_STANDARD)";
				CLANG_CXX_LANGUAGE_STANDARD = "c++11";
				CLANG_CXX_LIBRARY = "libc++";
				CLANG_WARN_BOOL_CONVERSION = YES;
				CLANG_WARN_CONSTANT_CONVERSION = YES;
				CLANG_WARN_EMPTY_BODY = YES;
				CLANG_WARN_ENUM_CONVERSION = YES;
				CLANG_WARN_INFINITE_RECURSION = YES;
				CLANG_WARN_INT_CONVERSION = YES;
				CLANG_WARN_SUSPICIOUS_MOVE = YES;
				CLANG_WARN_UNREACHABLE_CODE = YES;
				CLANG_WARN__DUPLICATE_METHOD_MATCH = YES;
				CODE_SIGN_IDENTITY = "iPhone Developer: Valeri Vuchov (WDTMDP2J2J)";
				COMMON_HEADER_SEARCH_PATHS = "../../../source/test ../../../source/ImageJuggler ../../../source/boost";
				CONFIGURATION_BUILD_DIR = "$(SYMROOT)";
				CONFIGURATION_TEMP_DIR = "$(OBJROOT)";
				COPY_PHASE_STRIP = NO;
				ENABLE_STRICT_OBJC_MSGSEND = YES;
				GCC_C_LANGUAGE_STANDARD = c11;
				GCC_DYNAMIC_NO_PIC = NO;
				GCC_ENABLE_CPP_EXCEPTIONS = NO;
				GCC_ENABLE_CPP_RTTI = NO;
				GCC_ENABLE_FIX_AND_CONTINUE = YES;
				GCC_ENABLE_OBJC_EXCEPTIONS = NO;
				GCC_MODEL_TUNING = G5;
				GCC_NO_COMMON_BLOCKS = YES;
				GCC_OPTIMIZATION_LEVEL = 0;
				GCC_PREPROCESSOR_DEFINITIONS = (
					_DEBUG,
					_SCL_SECURE_NO_WARNINGS,
					_CRT_SECURE_NO_WARNINGS,
					_WINSOCK_DEPRECATED_NO_WARNINGS,
				);
				GCC_SYMBOLS_PRIVATE_EXTERN = YES;
				GCC_VERSION = com.apple.compilers.llvm.clang.1_0;
				GCC_WARN_64_TO_32_BIT_CONVERSION = YES;
				GCC_WARN_ABOUT_DEPRECATED_FUNCTIONS = YES;
				GCC_WARN_ABOUT_RETURN_TYPE = YES;
				GCC_WARN_CHECK_SWITCH_STATEMENTS = NO;
				GCC_WARN_UNDECLARED_SELECTOR = YES;
				GCC_WARN_UNINITIALIZED_AUTOS = YES;
				GCC_WARN_UNUSED_FUNCTION = NO;
				GCC_WARN_UNUSED_VARIABLE = NO;
				HEADER_SEARCH_PATHS = "$(COMMON_HEADER_SEARCH_PATHS)";
				INSTALL_PATH = "\"$(HOME)/Applications\"";
				IPHONEOS_DEPLOYMENT_TARGET = 8.0;
				OBJROOT = obj/Debug/Test;
				ONLY_ACTIVE_ARCH = NO;
				OTHER_CFLAGS = (
					"-std=c++11",
					"-stdlib=libc++",
					"-x",
					"objective-c++",
					"-Wno-error",
				);
				OTHER_LDFLAGS = (
					"-l../../../ImageJugglerLib",
					"-llibz.1.2.5.tbd",
					"-ObjC",
					"-fobjc-arc",
				);
				SDKROOT = iphoneos;
				SKIP_INSTALL = YES;
				STANDARD_C_PLUS_PLUS_LIBRARY_TYPE = static;
				SYMROOT = ../../../lib;
				TARGETED_DEVICE_FAMILY = "1,2";
				VALID_ARCHS = "$(ARCHS_STANDARD)";
			};
			name = Debug;
		};
		E26B533E52760528CF6CB17E /* Debug */ = {
			isa = XCBuildConfiguration;
			buildSettings = {
				ALWAYS_SEARCH_USER_PATHS = NO;
				ARCHS = "$(ARCHS_STANDARD)";
				CLANG_CXX_LANGUAGE_STANDARD = "c++11";
				CLANG_CXX_LIBRARY = "libc++";
				CLANG_WARN_BOOL_CONVERSION = YES;
				CLANG_WARN_CONSTANT_CONVERSION = YES;
				CLANG_WARN_EMPTY_BODY = YES;
				CLANG_WARN_ENUM_CONVERSION = YES;
				CLANG_WARN_INFINITE_RECURSION = YES;
				CLANG_WARN_INT_CONVERSION = YES;
				CLANG_WARN_SUSPICIOUS_MOVE = YES;
				CLANG_WARN_UNREACHABLE_CODE = YES;
				CLANG_WARN__DUPLICATE_METHOD_MATCH = YES;
				CODE_SIGN_IDENTITY = "iPhone Developer: Valeri Vuchov (WDTMDP2J2J)";
				COMMON_HEADER_SEARCH_PATHS = "../../../source/test ../../../source/ImageJuggler ../../../source/boost";
				CONFIGURATION_BUILD_DIR = "$(SYMROOT)";
				CONFIGURATION_TEMP_DIR = "$(OBJROOT)";
				COPY_PHASE_STRIP = NO;
				ENABLE_STRICT_OBJC_MSGSEND = YES;
				GCC_C_LANGUAGE_STANDARD = c11;
				GCC_DYNAMIC_NO_PIC = NO;
				GCC_ENABLE_CPP_EXCEPTIONS = NO;
				GCC_ENABLE_CPP_RTTI = NO;
				GCC_ENABLE_FIX_AND_CONTINUE = YES;
				GCC_ENABLE_OBJC_EXCEPTIONS = NO;
				GCC_MODEL_TUNING = G5;
				GCC_NO_COMMON_BLOCKS = YES;
				GCC_OPTIMIZATION_LEVEL = 0;
				GCC_PREPROCESSOR_DEFINITIONS = (
					_DEBUG,
					_SCL_SECURE_NO_WARNINGS,
					_CRT_SECURE_NO_WARNINGS,
					_WINSOCK_DEPRECATED_NO_WARNINGS,
				);
				GCC_SYMBOLS_PRIVATE_EXTERN = YES;
				GCC_VERSION = com.apple.compilers.llvm.clang.1_0;
				GCC_WARN_64_TO_32_BIT_CONVERSION = YES;
				GCC_WARN_ABOUT_DEPRECATED_FUNCTIONS = YES;
				GCC_WARN_ABOUT_RETURN_TYPE = YES;
				GCC_WARN_CHECK_SWITCH_STATEMENTS = NO;
				GCC_WARN_UNDECLARED_SELECTOR = YES;
				GCC_WARN_UNINITIALIZED_AUTOS = YES;
				GCC_WARN_UNUSED_FUNCTION = NO;
				GCC_WARN_UNUSED_VARIABLE = NO;
				HEADER_SEARCH_PATHS = "$(COMMON_HEADER_SEARCH_PATHS)";
				INSTALL_PATH = "\"$(HOME)/Applications\"";
				IPHONEOS_DEPLOYMENT_TARGET = 8.0;
				OBJROOT = obj/Debug/Test;
				ONLY_ACTIVE_ARCH = NO;
				OTHER_CFLAGS = (
					"-std=c++11",
					"-stdlib=libc++",
					"-x",
					"objective-c++",
					"-Wno-error",
				);
				OTHER_LDFLAGS = (
					"-l../../../ImageJugglerLib",
					"-llibz.1.2.5.tbd",
					"-ObjC",
					"-fobjc-arc",
				);
				PRODUCT_NAME = Test_d;
				SDKROOT = iphoneos;
				SKIP_INSTALL = YES;
				STANDARD_C_PLUS_PLUS_LIBRARY_TYPE = static;
				SYMROOT = ../../../lib;
				TARGETED_DEVICE_FAMILY = "1,2";
				VALID_ARCHS = "$(ARCHS_STANDARD)";
			};
			name = Debug;
		};
/* End XCBuildConfiguration section */

/* Begin XCConfigurationList section */
		1DEB928908733DD80010E9CD /* Build configuration list for PBXProject "Test" */ = {
			isa = XCConfigurationList;
			buildConfigurations = (
				C7F6BF69335824937E81A5A9 /* Debug */,
				0F07CDA3D857254D93E543E3 /* Release */,
			);
			defaultConfigurationIsVisible = 0;
			defaultConfigurationName = Debug;
		};
		D959E75257EBF9FC97763D92 /* Build configuration list for PBXNativeTarget "Test" */ = {
			isa = XCConfigurationList;
			buildConfigurations = (
				E26B533E52760528CF6CB17E /* Debug */,
				8CEADC382A69B0A2BFBCCA78 /* Release */,
			);
			defaultConfigurationIsVisible = 0;
			defaultConfigurationName = Debug;
		};
/* End XCConfigurationList section */
	};
	rootObject = 08FB7793FE84155DC02AAC07 /* Project object */;
}
